<?xml version="1.0" encoding="utf-8"?>
<Project ToolsVersion="4.0" xmlns="http://schemas.microsoft.com/developer/msbuild/2003">
  <ItemGroup>
    <Filter Include="Common">
      <UniqueIdentifier>{6c4ae1d9-1cf8-43ab-9684-55be8b7a4e34}</UniqueIdentifier>
    </Filter>
    <Filter Include="Manager">
      <UniqueIdentifier>{9f017388-0dba-4104-bbb2-3c548bc05495}</UniqueIdentifier>
    </Filter>
    <Filter Include="SqlCmd">
      <UniqueIdentifier>{90efac1d-7fad-4669-be72-aecafbdab1e6}</UniqueIdentifier>
    </Filter>
    <Filter Include="Main">
      <UniqueIdentifier>{4FC737F1-C7A5-4376-A066-2A32D752A2FF}</UniqueIdentifier>
      <Extensions>cpp;c;cc;cxx;c++;cppm;ixx;def;odl;idl;hpj;bat;asm;asmx</Extensions>
    </Filter>
    <Filter Include="Config">
      <UniqueIdentifier>{f967c7a3-6440-4e8e-a0c2-4ad44ab17c9b}</UniqueIdentifier>
    </Filter>
    <Filter Include="Logger">
      <UniqueIdentifier>{3d980f29-dbe4-46b9-aeb8-c5acb0dbf1a5}</UniqueIdentifier>
    </Filter>
    <Filter Include="SqlDef">
      <UniqueIdentifier>{af9bf214-b68d-4f09-859f-e16534bbb439}</UniqueIdentifier>
    </Filter>
    <Filter Include="SqlDef\ColumnAttribute">
      <UniqueIdentifier>{1636f5df-82aa-4866-b209-3ea908b086c0}</UniqueIdentifier>
    </Filter>
    <Filter Include="ProjectDef">
      <UniqueIdentifier>{fb607249-06e3-49d1-9f01-8bf58ed5437d}</UniqueIdentifier>
    </Filter>
    <Filter Include="ProjectScenario">
      <UniqueIdentifier>{b8ea4667-e882-47e3-889e-8a166dd33dba}</UniqueIdentifier>
    </Filter>
  </ItemGroup>
  <ItemGroup>
    <Text Include="..\StoredProcedure.sql" />
  </ItemGroup>
  <ItemGroup>
    <Xml Include="..\Config.xml" />
    <Xml Include="..\MyConfig.xml" />
  </ItemGroup>
  <ItemGroup>
    <ClInclude Include="SqlCmd\QueryCommon.h">
      <Filter>SqlCmd</Filter>
    </ClInclude>
    <ClInclude Include="SqlCmd\SqlCmd.h">
      <Filter>SqlCmd</Filter>
    </ClInclude>
    <ClInclude Include="SqlCmd\XPrepareStatement.h">
      <Filter>SqlCmd</Filter>
    </ClInclude>
    <ClInclude Include="SqlCmd\XQueryResult.h">
      <Filter>SqlCmd</Filter>
    </ClInclude>
    <ClInclude Include="SqlCmd\XStatement.h">
      <Filter>SqlCmd</Filter>
    </ClInclude>
    <ClInclude Include="SqlCmd\XStoredProcedure.h">
      <Filter>SqlCmd</Filter>
    </ClInclude>
    <ClInclude Include="Config\Config.h">
      <Filter>Config</Filter>
    </ClInclude>
    <ClInclude Include="Config\tinyxml2.h">
      <Filter>Config</Filter>
    </ClInclude>
    <ClInclude Include="Manager\DatabaseManager.h">
      <Filter>Manager</Filter>
    </ClInclude>
    <ClInclude Include="Manager\DbConnection.h">
      <Filter>Manager</Filter>
    </ClInclude>
    <ClInclude Include="Manager\PathManager.h">
      <Filter>Manager</Filter>
    </ClInclude>
    <ClInclude Include="Manager\SPManager.h">
      <Filter>Manager</Filter>
    </ClInclude>
    <ClInclude Include="Main\stdafx.h">
      <Filter>Main</Filter>
    </ClInclude>
    <ClInclude Include="Common\DateTime.h">
      <Filter>Common</Filter>
    </ClInclude>
    <ClInclude Include="Common\Format.h">
      <Filter>Common</Filter>
    </ClInclude>
    <ClInclude Include="Common\Random.h">
      <Filter>Common</Filter>
    </ClInclude>
    <ClInclude Include="Common\Stopwatch.h">
      <Filter>Common</Filter>
    </ClInclude>
    <ClInclude Include="Common\Synchronization.h">
      <Filter>Common</Filter>
    </ClInclude>
    <ClInclude Include="Logger\Logger.h">
      <Filter>Logger</Filter>
    </ClInclude>
    <ClInclude Include="Logger\LogLevel.h">
      <Filter>Logger</Filter>
    </ClInclude>
    <ClInclude Include="SqlDef\XColumn.h">
      <Filter>SqlDef</Filter>
    </ClInclude>
    <ClInclude Include="SqlDef\ColumnAttribute.h">
      <Filter>SqlDef\ColumnAttribute</Filter>
    </ClInclude>
    <ClInclude Include="SqlDef\XTable.h">
      <Filter>SqlDef</Filter>
    </ClInclude>
    <ClInclude Include="Manager\Database.h">
      <Filter>Manager</Filter>
    </ClInclude>
    <ClInclude Include="UserInfo.h">
      <Filter>ProjectDef</Filter>
    </ClInclude>
    <ClInclude Include="UserFactory.h">
      <Filter>ProjectDef</Filter>
    </ClInclude>
    <ClInclude Include="ProjectScenario.h">
      <Filter>ProjectScenario</Filter>
    </ClInclude>
    <ClInclude Include="ProjectCommon.h">
      <Filter>ProjectDef</Filter>
    </ClInclude>
    <ClInclude Include="StoredProcedure.h">
      <Filter>ProjectScenario</Filter>
    </ClInclude>
    <ClInclude Include="AccountInfo.h">
      <Filter>ProjectDef</Filter>
    </ClInclude>
    <ClInclude Include="KeyInfo.h">
      <Filter>ProjectDef</Filter>
    </ClInclude>
    <ClInclude Include="DBWorker.h">
      <Filter>ProjectScenario</Filter>
    </ClInclude>
  </ItemGroup>
  <ItemGroup>
    <ClCompile Include="SqlCmd\SqlCmd.cpp">
      <Filter>SqlCmd</Filter>
    </ClCompile>
    <ClCompile Include="SqlCmd\XPrepareStatement.cpp">
      <Filter>SqlCmd</Filter>
    </ClCompile>
    <ClCompile Include="SqlCmd\XQueryResult.cpp">
      <Filter>SqlCmd</Filter>
    </ClCompile>
    <ClCompile Include="SqlCmd\XStatement.cpp">
      <Filter>SqlCmd</Filter>
    </ClCompile>
    <ClCompile Include="SqlCmd\XStoredProcedure.cpp">
      <Filter>SqlCmd</Filter>
    </ClCompile>
    <ClCompile Include="Config\Config.cpp">
      <Filter>Config</Filter>
    </ClCompile>
    <ClCompile Include="Config\tinyxml2.cpp">
      <Filter>Config</Filter>
    </ClCompile>
    <ClCompile Include="Manager\DatabaseManager.cpp">
      <Filter>Manager</Filter>
    </ClCompile>
    <ClCompile Include="Manager\DbConnection.cpp">
      <Filter>Manager</Filter>
    </ClCompile>
    <ClCompile Include="Manager\PathManager.cpp">
      <Filter>Manager</Filter>
    </ClCompile>
    <ClCompile Include="Manager\SPManager.cpp">
      <Filter>Manager</Filter>
    </ClCompile>
    <ClCompile Include="Main\main.cpp">
      <Filter>Main</Filter>
    </ClCompile>
    <ClCompile Include="Main\stdafx.cpp">
      <Filter>Main</Filter>
    </ClCompile>
    <ClCompile Include="Logger\Logger.cpp">
      <Filter>Logger</Filter>
    </ClCompile>
    <ClCompile Include="SqlDef\XColumn.cpp">
      <Filter>SqlDef</Filter>
    </ClCompile>
    <ClCompile Include="SqlDef\ColumnAttribute.cpp">
      <Filter>SqlDef\ColumnAttribute</Filter>
    </ClCompile>
    <ClCompile Include="SqlDef\XTable.cpp">
      <Filter>SqlDef</Filter>
    </ClCompile>
    <ClCompile Include="Manager\Database.cpp">
      <Filter>Manager</Filter>
    </ClCompile>
    <ClCompile Include="UserInfo.cpp">
      <Filter>ProjectDef</Filter>
    </ClCompile>
    <ClCompile Include="UserFactory.cpp">
      <Filter>ProjectDef</Filter>
    </ClCompile>
    <ClCompile Include="ProjectScenario.cpp">
      <Filter>ProjectScenario</Filter>
    </ClCompile>
    <ClCompile Include="AccountInfo.cpp">
      <Filter>ProjectDef</Filter>
    </ClCompile>
    <ClCompile Include="KeyInfo.cpp">
      <Filter>ProjectDef</Filter>
    </ClCompile>
    <ClCompile Include="DBWorker.cpp">
      <Filter>ProjectScenario</Filter>
    </ClCompile>
  </ItemGroup>
  <ItemGroup>
    <None Include="..\README.md" />
  </ItemGroup>
</Project>